
Microsoft Visual Studio Solution File, Format Version 12.00
# Visual Studio Version 16
VisualStudioVersion = 16.0.30717.126
MinimumVisualStudioVersion = 10.0.40219.1
Project("{FAE04EC0-301F-11D3-BF4B-00C04F79EFBC}") = "ProductShop", "ProductShop\ProductShop.csproj", "{D77FC577-95F1-4078-873D-DB0066ECB463}"
EndProject
Global
	GlobalSection(SolutionConfigurationPlatforms) = preSolution
		Debug|Any CPU = Debug|Any CPU
		Release|Any CPU = Release|Any CPU
	EndGlobalSection
	GlobalSection(ProjectConfigurationPlatforms) = postSolution
		{D77FC577-95F1-4078-873D-DB0066ECB463}.Debug|Any CPU.ActiveCfg = Debug|Any CPU
		{D77FC577-95F1-4078-873D-DB0066ECB463}.Debug|Any CPU.Build.0 = Debug|Any CPU
		{D77FC577-95F1-4078-873D-DB0066ECB463}.Release|Any CPU.ActiveCfg = Release|Any CPU
		{D77FC577-95F1-4078-873D-DB0066ECB463}.Release|Any CPU.Build.0 = Release|Any CPU
	EndGlobalSection
	GlobalSection(SolutionProperties) = preSolution
		HideSolutionNode = FALSE
	EndGlobalSection
	GlobalSection(ExtensibilityGlobals) = postSolution
		SolutionGuid = {D250C34A-DC9D-4A00-A74F-7C0A6A935F85}
	EndGlobalSection
EndGlobal
