
Microsoft Visual Studio Solution File, Format Version 12.00
# Visual Studio Version 16
VisualStudioVersion = 16.0.30717.126
MinimumVisualStudioVersion = 10.0.40219.1
Project("{9A19103F-16F7-4668-BE54-9A1E7A4F7556}") = "MusicHub", "MusicHub.csproj", "{BFDE2D27-9443-49AF-A280-7D47C93B5EFA}"
EndProject
Global
	GlobalSection(SolutionConfigurationPlatforms) = preSolution
		Debug|Any CPU = Debug|Any CPU
		Release|Any CPU = Release|Any CPU
	EndGlobalSection
	GlobalSection(ProjectConfigurationPlatforms) = postSolution
		{BFDE2D27-9443-49AF-A280-7D47C93B5EFA}.Debug|Any CPU.ActiveCfg = Debug|Any CPU
		{BFDE2D27-9443-49AF-A280-7D47C93B5EFA}.Debug|Any CPU.Build.0 = Debug|Any CPU
		{BFDE2D27-9443-49AF-A280-7D47C93B5EFA}.Release|Any CPU.ActiveCfg = Release|Any CPU
		{BFDE2D27-9443-49AF-A280-7D47C93B5EFA}.Release|Any CPU.Build.0 = Release|Any CPU
	EndGlobalSection
	GlobalSection(SolutionProperties) = preSolution
		HideSolutionNode = FALSE
	EndGlobalSection
	GlobalSection(ExtensibilityGlobals) = postSolution
		SolutionGuid = {E8548F14-0E04-41FC-B7B9-9287CC7BFE89}
	EndGlobalSection
EndGlobal
