
Microsoft Visual Studio Solution File, Format Version 12.00
# Visual Studio Version 16
VisualStudioVersion = 16.0.30717.126
MinimumVisualStudioVersion = 10.0.40219.1
Project("{FAE04EC0-301F-11D3-BF4B-00C04F79EFBC}") = "P01_HospitalDatabase", "P01_HospitalDatabase\P01_HospitalDatabase.csproj", "{C507947B-A753-46B0-98F5-4A167E503B56}"
EndProject
Project("{FAE04EC0-301F-11D3-BF4B-00C04F79EFBC}") = "P03_SalesDatabase", "P03_SalesDatabase\P03_SalesDatabase.csproj", "{8FB4C839-2401-49BD-8F7A-1A84CA2A54EE}"
EndProject
Global
	GlobalSection(SolutionConfigurationPlatforms) = preSolution
		Debug|Any CPU = Debug|Any CPU
		Release|Any CPU = Release|Any CPU
	EndGlobalSection
	GlobalSection(ProjectConfigurationPlatforms) = postSolution
		{C507947B-A753-46B0-98F5-4A167E503B56}.Debug|Any CPU.ActiveCfg = Debug|Any CPU
		{C507947B-A753-46B0-98F5-4A167E503B56}.Debug|Any CPU.Build.0 = Debug|Any CPU
		{C507947B-A753-46B0-98F5-4A167E503B56}.Release|Any CPU.ActiveCfg = Release|Any CPU
		{C507947B-A753-46B0-98F5-4A167E503B56}.Release|Any CPU.Build.0 = Release|Any CPU
		{8FB4C839-2401-49BD-8F7A-1A84CA2A54EE}.Debug|Any CPU.ActiveCfg = Debug|Any CPU
		{8FB4C839-2401-49BD-8F7A-1A84CA2A54EE}.Debug|Any CPU.Build.0 = Debug|Any CPU
		{8FB4C839-2401-49BD-8F7A-1A84CA2A54EE}.Release|Any CPU.ActiveCfg = Release|Any CPU
		{8FB4C839-2401-49BD-8F7A-1A84CA2A54EE}.Release|Any CPU.Build.0 = Release|Any CPU
	EndGlobalSection
	GlobalSection(SolutionProperties) = preSolution
		HideSolutionNode = FALSE
	EndGlobalSection
	GlobalSection(ExtensibilityGlobals) = postSolution
		SolutionGuid = {3601825B-69FE-4D42-8BD9-7A5E4A9A3C3F}
	EndGlobalSection
EndGlobal
